
Microsoft Visual Studio Solution File, Format Version 12.00
# Visual Studio 2012
Project("{F2A71F9B-5D33-465A-A702-920D77279786}") = "Percolation", "Percolation\Percolation.fsproj", "{0C0AE5FE-7354-4738-8C9F-8FFCE2F8E85C}"
EndProject
Project("{F2A71F9B-5D33-465A-A702-920D77279786}") = "PercolationVS", "PercolationVS\PercolationVS.fsproj", "{594F55DC-5C47-4F87-A7BB-CA076D22BCFC}"
EndProject
Global
	GlobalSection(SolutionConfigurationPlatforms) = preSolution
		Debug|Any CPU = Debug|Any CPU
		Release|Any CPU = Release|Any CPU
	EndGlobalSection
	GlobalSection(ProjectConfigurationPlatforms) = postSolution
		{0C0AE5FE-7354-4738-8C9F-8FFCE2F8E85C}.Debug|Any CPU.ActiveCfg = Debug|Any CPU
		{0C0AE5FE-7354-4738-8C9F-8FFCE2F8E85C}.Debug|Any CPU.Build.0 = Debug|Any CPU
		{0C0AE5FE-7354-4738-8C9F-8FFCE2F8E85C}.Release|Any CPU.ActiveCfg = Release|Any CPU
		{0C0AE5FE-7354-4738-8C9F-8FFCE2F8E85C}.Release|Any CPU.Build.0 = Release|Any CPU
		{594F55DC-5C47-4F87-A7BB-CA076D22BCFC}.Debug|Any CPU.ActiveCfg = Debug|Any CPU
		{594F55DC-5C47-4F87-A7BB-CA076D22BCFC}.Debug|Any CPU.Build.0 = Debug|Any CPU
		{594F55DC-5C47-4F87-A7BB-CA076D22BCFC}.Release|Any CPU.ActiveCfg = Release|Any CPU
		{594F55DC-5C47-4F87-A7BB-CA076D22BCFC}.Release|Any CPU.Build.0 = Release|Any CPU
	EndGlobalSection
	GlobalSection(SolutionProperties) = preSolution
		HideSolutionNode = FALSE
	EndGlobalSection
EndGlobal
